{
  "originHash" : "467c0a0d1a5b07863a98f626f224a29ae807a0b9d422a97d1862fb1dbf0ac013",
  "pins" : [
    {
      "identity" : "anydoc-swift",
      "kind" : "remoteSourceControl",
      "location" : "https://github.com/tacogips/anydoc-swift.git",
      "state" : {
        "revision" : "d957c08372786b7062553e83fe9c29880fdee7a4"
      }
    },
    {
      "identity" : "swift-asn1",
      "kind" : "remoteSourceControl",
      "location" : "https://github.com/apple/swift-asn1.git",
      "state" : {
        "revision" : "a9a5efd40eaf558a2bcd48d64b1d1646be686008",
        "version" : "1.7.1"
      }
    },
    {
      "identity" : "swift-crypto",
      "kind" : "remoteSourceControl",
      "location" : "https://github.com/apple/swift-crypto.git",
      "state" : {
        "revision" : "47d3869a7291f085c1fb9fb1e6d3b97a793f45c6",
        "version" : "4.5.1"
      }
    }
  ],
  "version" : 3
}
