{
  "originHash" : "96e05205c793218fea6e344f7984adc845dfca20a61137834efaa36f85d53c6a",
  "pins" : [
    {
      "identity" : "anydoc-swift",
      "kind" : "remoteSourceControl",
      "location" : "https://github.com/tacogips/anydoc-swift.git",
      "state" : {
        "revision" : "d957c08372786b7062553e83fe9c29880fdee7a4"
      }
    }
  ],
  "version" : 3
}
